
Microsoft Visual Studio Solution File, Format Version 12.00
# Visual Studio Version 16
VisualStudioVersion = 16.0.31105.61
MinimumVisualStudioVersion = 10.0.40219.1
Project("{FAE04EC0-301F-11D3-BF4B-00C04F79EFBC}") = "csvFormat", "csvFormat\csvFormat.csproj", "{4AA2C0A2-FBA0-44AC-971C-B4EE964E713B}"
EndProject
Global
	GlobalSection(SolutionConfigurationPlatforms) = preSolution
		Debug|Any CPU = Debug|Any CPU
		Release|Any CPU = Release|Any CPU
	EndGlobalSection
	GlobalSection(ProjectConfigurationPlatforms) = postSolution
		{4AA2C0A2-FBA0-44AC-971C-B4EE964E713B}.Debug|Any CPU.ActiveCfg = Debug|Any CPU
		{4AA2C0A2-FBA0-44AC-971C-B4EE964E713B}.Debug|Any CPU.Build.0 = Debug|Any CPU
		{4AA2C0A2-FBA0-44AC-971C-B4EE964E713B}.Release|Any CPU.ActiveCfg = Release|Any CPU
		{4AA2C0A2-FBA0-44AC-971C-B4EE964E713B}.Release|Any CPU.Build.0 = Release|Any CPU
	EndGlobalSection
	GlobalSection(SolutionProperties) = preSolution
		HideSolutionNode = FALSE
	EndGlobalSection
	GlobalSection(ExtensibilityGlobals) = postSolution
		SolutionGuid = {08FB6467-7A51-485F-AACF-9068D61D4BBB}
	EndGlobalSection
EndGlobal
